{
  "pins" : [
    {
      "identity" : "customhorizontalcollectionviewlayoutdesigns",
      "kind" : "remoteSourceControl",
      "location" : "https://github.com/yosoybunal/CustomHorizontalCollectionViewLayoutDesigns",
      "state" : {
        "branch" : "main",
        "revision" : "96e1ff9e56e0a7e41f5a60e181aa24afe1fbdc66"
      }
    }
  ],
  "version" : 2
}
