{
  "pins" : [
    {
      "identity" : "customhorizontalcollectionviewlayoutdesigns",
      "kind" : "remoteSourceControl",
      "location" : "https://github.com/yosoybunal/CustomHorizontalCollectionViewLayoutDesigns",
      "state" : {
        "branch" : "main",
        "revision" : "30a389314b7b17929aadfcd71bccb764c63b5df6"
      }
    }
  ],
  "version" : 2
}
