{
  "pins" : [
    {
      "identity" : "customhorizontalcollectionviewlayoutdesigns",
      "kind" : "remoteSourceControl",
      "location" : "https://github.com/yosoybunal/CustomHorizontalCollectionViewLayoutDesigns",
      "state" : {
        "branch" : "main",
        "revision" : "8411ee2388f6bddccad7c1d91dacdf7bc93e52d9"
      }
    }
  ],
  "version" : 2
}
